
Microsoft Visual Studio Solution File, Format Version 12.00
# Visual Studio Version 16
VisualStudioVersion = 16.0.30320.27
MinimumVisualStudioVersion = 10.0.40219.1
Project("{8BC9CEB8-8B4A-11D0-8D11-00A0C91BC942}") = "lcm", "lcm.vcxproj", "{943B0A33-77FE-486E-9103-C1F9058599BF}"
EndProject
Global
	GlobalSection(SolutionConfigurationPlatforms) = preSolution
		Debug|x64 = Debug|x64
		Debug|x86 = Debug|x86
		Release|x64 = Release|x64
		Release|x86 = Release|x86
	EndGlobalSection
	GlobalSection(ProjectConfigurationPlatforms) = postSolution
		{943B0A33-77FE-486E-9103-C1F9058599BF}.Debug|x64.ActiveCfg = Debug|x64
		{943B0A33-77FE-486E-9103-C1F9058599BF}.Debug|x64.Build.0 = Debug|x64
		{943B0A33-77FE-486E-9103-C1F9058599BF}.Debug|x86.ActiveCfg = Debug|Win32
		{943B0A33-77FE-486E-9103-C1F9058599BF}.Debug|x86.Build.0 = Debug|Win32
		{943B0A33-77FE-486E-9103-C1F9058599BF}.Release|x64.ActiveCfg = Release|x64
		{943B0A33-77FE-486E-9103-C1F9058599BF}.Release|x64.Build.0 = Release|x64
		{943B0A33-77FE-486E-9103-C1F9058599BF}.Release|x86.ActiveCfg = Release|Win32
		{943B0A33-77FE-486E-9103-C1F9058599BF}.Release|x86.Build.0 = Release|Win32
	EndGlobalSection
	GlobalSection(SolutionProperties) = preSolution
		HideSolutionNode = FALSE
	EndGlobalSection
	GlobalSection(ExtensibilityGlobals) = postSolution
		SolutionGuid = {852678EC-503F-4F8F-A741-604E8AB5ECC0}
	EndGlobalSection
EndGlobal
